<?xml version="1.0" encoding="utf-8"?>
<Project ToolsVersion="4.0" xmlns="http://schemas.microsoft.com/developer/msbuild/2003">
  <ItemGroup>
    <Filter Include="Source Files">
      <UniqueIdentifier>{4FC737F1-C7A5-4376-A066-2A32D752A2FF}</UniqueIdentifier>
      <Extensions>cpp;c;cc;cxx;c++;cppm;ixx;def;odl;idl;hpj;bat;asm;asmx</Extensions>
    </Filter>
    <Filter Include="Primality Test">
      <UniqueIdentifier>{04192701-5b68-4085-9f12-7b55b9b1dd12}</UniqueIdentifier>
    </Filter>
    <Filter Include="Primality Test\Base">
      <UniqueIdentifier>{a1b0013c-a851-41b8-ab16-0de41d0fd41b}</UniqueIdentifier>
    </Filter>
    <Filter Include="Primality Test\Concrete">
      <UniqueIdentifier>{d6cd5916-91b9-48bf-8887-1bf8dd285b78}</UniqueIdentifier>
    </Filter>
  </ItemGroup>
</Project>